
Microsoft Visual Studio Solution File, Format Version 12.00
# Visual Studio 14
VisualStudioVersion = 14.0.23107.0
MinimumVisualStudioVersion = 10.0.40219.1
Project("{FAE04EC0-301F-11D3-BF4B-00C04F79EFBC}") = "TextUtilities", "TextParser\TextUtilities.csproj", "{69870A62-C2F4-4A64-AB49-E9856F79AA4C}"
EndProject
Project("{FAE04EC0-301F-11D3-BF4B-00C04F79EFBC}") = "TextUtilitiesParser", "TextParserTester\TextUtilitiesParser.csproj", "{B867EA13-285D-4903-A124-49082888D04B}"
EndProject
Global
	GlobalSection(SolutionConfigurationPlatforms) = preSolution
		Debug|Any CPU = Debug|Any CPU
		Release|Any CPU = Release|Any CPU
	EndGlobalSection
	GlobalSection(ProjectConfigurationPlatforms) = postSolution
		{69870A62-C2F4-4A64-AB49-E9856F79AA4C}.Debug|Any CPU.ActiveCfg = Debug|Any CPU
		{69870A62-C2F4-4A64-AB49-E9856F79AA4C}.Debug|Any CPU.Build.0 = Debug|Any CPU
		{69870A62-C2F4-4A64-AB49-E9856F79AA4C}.Release|Any CPU.ActiveCfg = Release|Any CPU
		{69870A62-C2F4-4A64-AB49-E9856F79AA4C}.Release|Any CPU.Build.0 = Release|Any CPU
		{B867EA13-285D-4903-A124-49082888D04B}.Debug|Any CPU.ActiveCfg = Debug|Any CPU
		{B867EA13-285D-4903-A124-49082888D04B}.Debug|Any CPU.Build.0 = Debug|Any CPU
		{B867EA13-285D-4903-A124-49082888D04B}.Release|Any CPU.ActiveCfg = Release|Any CPU
		{B867EA13-285D-4903-A124-49082888D04B}.Release|Any CPU.Build.0 = Release|Any CPU
	EndGlobalSection
	GlobalSection(SolutionProperties) = preSolution
		HideSolutionNode = FALSE
	EndGlobalSection
EndGlobal
